speakeasyVersion: 1.308.2
sources:
    panoraOpenapi-github-main:
        sourceNamespace: panora-openapi-github-main
        sourceRevisionDigest: sha256:084d1bb4cecea92b212dd46516ce60155a4f61dac377042d4755871676b52e18
        sourceBlobDigest: sha256:6f82c96d3542215b4ce94152f52b822861289809b038411302fcbe2dfc64a669
        tags:
            - latest
            - main
targets:
    my-first-target:
        source: panoraOpenapi-github-main
        sourceNamespace: panora-openapi-github-main
        sourceRevisionDigest: sha256:084d1bb4cecea92b212dd46516ce60155a4f61dac377042d4755871676b52e18
        sourceBlobDigest: sha256:6f82c96d3542215b4ce94152f52b822861289809b038411302fcbe2dfc64a669
        outLocation: /github/workspace/repo
workflow:
    workflowVersion: 1.0.0
    speakeasyVersion: latest
    sources:
        panoraOpenapi-github-main:
            inputs:
                - location: https://raw.githubusercontent.com/panoratech/Panora/main/packages/api/swagger/swagger-spec.json
            registry:
                location: registry.speakeasyapi.dev/panora/panora/panora-openapi-github-main
    targets:
        my-first-target:
            target: typescript
            source: panoraOpenapi-github-main
            codeSamples:
                output: codeSamples.yaml
