speakeasyVersion: 1.321.0
sources:
    panoraOpenapi-github-main:
        sourceNamespace: panora-openapi-github-main
        sourceRevisionDigest: sha256:af7dd7fa00e6c4783a665289465a1b615a5931a1ec8117623c638ca6a094ed0f
        sourceBlobDigest: sha256:8a3fe2ae8538d822c372a14d57a8bca78b60584dc1bacd6f1804b85aa5d101bb
        tags:
            - latest
            - main
targets:
    my-first-target:
        source: panoraOpenapi-github-main
        sourceNamespace: panora-openapi-github-main
        sourceRevisionDigest: sha256:af7dd7fa00e6c4783a665289465a1b615a5931a1ec8117623c638ca6a094ed0f
        sourceBlobDigest: sha256:8a3fe2ae8538d822c372a14d57a8bca78b60584dc1bacd6f1804b85aa5d101bb
        outLocation: /github/workspace/repo
workflow:
    workflowVersion: 1.0.0
    speakeasyVersion: latest
    sources:
        panoraOpenapi-github-main:
            inputs:
                - location: https://raw.githubusercontent.com/panoratech/Panora/main/packages/api/swagger/swagger-spec.json
            registry:
                location: registry.speakeasyapi.dev/panora/panora/panora-openapi-github-main
    targets:
        my-first-target:
            target: typescript
            source: panoraOpenapi-github-main
            codeSamples:
                output: codeSamples.yaml
