speakeasyVersion: 1.312.0
sources:
    panoraOpenapi-github-main:
        sourceNamespace: panora-openapi-github-main
        sourceRevisionDigest: sha256:b001e9efdcf332e204f5e1c305f3f3795cc806c3430e780b44b111c8adc76b77
        sourceBlobDigest: sha256:6a0ff1e75642b994fbf2133e7417560a8dcc6052d708eb11bd1cc62f2ec25403
        tags:
            - latest
            - main
targets:
    my-first-target:
        source: panoraOpenapi-github-main
        sourceNamespace: panora-openapi-github-main
        sourceRevisionDigest: sha256:b001e9efdcf332e204f5e1c305f3f3795cc806c3430e780b44b111c8adc76b77
        sourceBlobDigest: sha256:6a0ff1e75642b994fbf2133e7417560a8dcc6052d708eb11bd1cc62f2ec25403
        outLocation: /github/workspace/repo
workflow:
    workflowVersion: 1.0.0
    speakeasyVersion: latest
    sources:
        panoraOpenapi-github-main:
            inputs:
                - location: https://raw.githubusercontent.com/panoratech/Panora/main/packages/api/swagger/swagger-spec.json
            registry:
                location: registry.speakeasyapi.dev/panora/panora/panora-openapi-github-main
    targets:
        my-first-target:
            target: typescript
            source: panoraOpenapi-github-main
            codeSamples:
                output: codeSamples.yaml
